
Microsoft Visual Studio Solution File, Format Version 12.00
# Visual Studio Version 17
VisualStudioVersion = 17.5.33424.131
MinimumVisualStudioVersion = 10.0.40219.1
Project("{FAE04EC0-301F-11D3-BF4B-00C04F79EFBC}") = "BulkyBookWeb", "BulkyBookWeb\BulkyBookWeb.csproj", "{536C5DC7-6B96-4AA1-9630-35822DAC9774}"
EndProject
Global
	GlobalSection(SolutionConfigurationPlatforms) = preSolution
		Debug|Any CPU = Debug|Any CPU
		Release|Any CPU = Release|Any CPU
	EndGlobalSection
	GlobalSection(ProjectConfigurationPlatforms) = postSolution
		{536C5DC7-6B96-4AA1-9630-35822DAC9774}.Debug|Any CPU.ActiveCfg = Debug|Any CPU
		{536C5DC7-6B96-4AA1-9630-35822DAC9774}.Debug|Any CPU.Build.0 = Debug|Any CPU
		{536C5DC7-6B96-4AA1-9630-35822DAC9774}.Release|Any CPU.ActiveCfg = Release|Any CPU
		{536C5DC7-6B96-4AA1-9630-35822DAC9774}.Release|Any CPU.Build.0 = Release|Any CPU
	EndGlobalSection
	GlobalSection(SolutionProperties) = preSolution
		HideSolutionNode = FALSE
	EndGlobalSection
	GlobalSection(ExtensibilityGlobals) = postSolution
		SolutionGuid = {A912590F-8F98-4DF9-B7CD-D0ED6F08FF03}
	EndGlobalSection
EndGlobal
